
Microsoft Visual Studio Solution File, Format Version 12.00
# Visual Studio Version 17
VisualStudioVersion = 17.3.32825.248
MinimumVisualStudioVersion = 10.0.40219.1
Project("{FAE04EC0-301F-11D3-BF4B-00C04F79EFBC}") = "Employee", "Employee\Employee.csproj", "{33B6D565-CA47-4134-A4DA-732D66819FC7}"
EndProject
Global
	GlobalSection(SolutionConfigurationPlatforms) = preSolution
		Debug|Any CPU = Debug|Any CPU
		Release|Any CPU = Release|Any CPU
	EndGlobalSection
	GlobalSection(ProjectConfigurationPlatforms) = postSolution
		{33B6D565-CA47-4134-A4DA-732D66819FC7}.Debug|Any CPU.ActiveCfg = Debug|Any CPU
		{33B6D565-CA47-4134-A4DA-732D66819FC7}.Debug|Any CPU.Build.0 = Debug|Any CPU
		{33B6D565-CA47-4134-A4DA-732D66819FC7}.Release|Any CPU.ActiveCfg = Release|Any CPU
		{33B6D565-CA47-4134-A4DA-732D66819FC7}.Release|Any CPU.Build.0 = Release|Any CPU
	EndGlobalSection
	GlobalSection(SolutionProperties) = preSolution
		HideSolutionNode = FALSE
	EndGlobalSection
	GlobalSection(ExtensibilityGlobals) = postSolution
		SolutionGuid = {B286B2BD-A362-4FB8-A9FC-03F63F41C473}
	EndGlobalSection
EndGlobal
